
Microsoft Visual Studio Solution File, Format Version 12.00
# Visual Studio Version 17
VisualStudioVersion = 17.5.002.0
MinimumVisualStudioVersion = 10.0.40219.1
Project("{9A19103F-16F7-4668-BE54-9A1E7A4F7556}") = "Practice Assignment Drink Maker", "Practice Assignment Drink Maker.csproj", "{A6D9BD2F-3CEC-426F-9D17-0C228A783B67}"
EndProject
Global
	GlobalSection(SolutionConfigurationPlatforms) = preSolution
		Debug|Any CPU = Debug|Any CPU
		Release|Any CPU = Release|Any CPU
	EndGlobalSection
	GlobalSection(ProjectConfigurationPlatforms) = postSolution
		{A6D9BD2F-3CEC-426F-9D17-0C228A783B67}.Debug|Any CPU.ActiveCfg = Debug|Any CPU
		{A6D9BD2F-3CEC-426F-9D17-0C228A783B67}.Debug|Any CPU.Build.0 = Debug|Any CPU
		{A6D9BD2F-3CEC-426F-9D17-0C228A783B67}.Release|Any CPU.ActiveCfg = Release|Any CPU
		{A6D9BD2F-3CEC-426F-9D17-0C228A783B67}.Release|Any CPU.Build.0 = Release|Any CPU
	EndGlobalSection
	GlobalSection(SolutionProperties) = preSolution
		HideSolutionNode = FALSE
	EndGlobalSection
	GlobalSection(ExtensibilityGlobals) = postSolution
		SolutionGuid = {7C4DAA38-44D1-4BEF-B493-DC23EE3D9720}
	EndGlobalSection
EndGlobal
